// !$*UTF8*$!
{
	archiveVersion = 1;
	classes = {
	};
	objectVersion = 46;
	objects = {

/* Begin PBXBuildFile section */
		9D34D4242016F0DB0042FB56 /* MegaphoneTest.swift in Sources */ = {isa = PBXBuildFile; fileRef = 9D34D4232016F0DB0042FB56 /* MegaphoneTest.swift */; };
		9D34D42E201702C30042FB56 /* RealmStoreManagerTest.swift in Sources */ = {isa = PBXBuildFile; fileRef = 9D34D42D201702C30042FB56 /* RealmStoreManagerTest.swift */; };
		9D34D43220181E310042FB56 /* StageFetcher.swift in Sources */ = {isa = PBXBuildFile; fileRef = 9D34D43120181E310042FB56 /* StageFetcher.swift */; };
		9D34D43620181E3B0042FB56 /* RealmStoreManager.swift in Sources */ = {isa = PBXBuildFile; fileRef = 9D34D43320181E3B0042FB56 /* RealmStoreManager.swift */; };
		9D34D43720181E3B0042FB56 /* AlertControllerManager.swift in Sources */ = {isa = PBXBuildFile; fileRef = 9D34D43420181E3B0042FB56 /* AlertControllerManager.swift */; };
		9D34D43820181E3B0042FB56 /* JsonManager.swift in Sources */ = {isa = PBXBuildFile; fileRef = 9D34D43520181E3B0042FB56 /* JsonManager.swift */; };
		9D34D44120181E470042FB56 /* LabelEntity.swift in Sources */ = {isa = PBXBuildFile; fileRef = 9D34D43920181E460042FB56 /* LabelEntity.swift */; };
		9D34D44220181E470042FB56 /* StampStoreEntityList.swift in Sources */ = {isa = PBXBuildFile; fileRef = 9D34D43A20181E460042FB56 /* StampStoreEntityList.swift */; };
		9D34D44320181E470042FB56 /* LabelOfStageEntity.swift in Sources */ = {isa = PBXBuildFile; fileRef = 9D34D43B20181E460042FB56 /* LabelOfStageEntity.swift */; };
		9D34D44420181E470042FB56 /* StageEntity.swift in Sources */ = {isa = PBXBuildFile; fileRef = 9D34D43C20181E460042FB56 /* StageEntity.swift */; };
		9D34D44520181E470042FB56 /* FetchStoreEntity.swift in Sources */ = {isa = PBXBuildFile; fileRef = 9D34D43D20181E460042FB56 /* FetchStoreEntity.swift */; };
		9D34D44620181E470042FB56 /* StampStoreEntity.swift in Sources */ = {isa = PBXBuildFile; fileRef = 9D34D43E20181E460042FB56 /* StampStoreEntity.swift */; };
		9D34D44720181E470042FB56 /* StampEntity.swift in Sources */ = {isa = PBXBuildFile; fileRef = 9D34D43F20181E460042FB56 /* StampEntity.swift */; };
		9D34D44820181E470042FB56 /* TextViewEntity.swift in Sources */ = {isa = PBXBuildFile; fileRef = 9D34D44020181E460042FB56 /* TextViewEntity.swift */; };
		9D34D44B201820170042FB56 /* ItemsView.xib in Resources */ = {isa = PBXBuildFile; fileRef = 9D34D449201820170042FB56 /* ItemsView.xib */; };
		9D34D44C201820170042FB56 /* ItemView.swift in Sources */ = {isa = PBXBuildFile; fileRef = 9D34D44A201820170042FB56 /* ItemView.swift */; };
		9D34D44F201820420042FB56 /* LabelSettingView.xib in Resources */ = {isa = PBXBuildFile; fileRef = 9D34D44D201820420042FB56 /* LabelSettingView.xib */; };
		9D34D450201820420042FB56 /* LabelSettingView.swift in Sources */ = {isa = PBXBuildFile; fileRef = 9D34D44E201820420042FB56 /* LabelSettingView.swift */; };
		9D34D453201820490042FB56 /* NamingLabelView.swift in Sources */ = {isa = PBXBuildFile; fileRef = 9D34D451201820480042FB56 /* NamingLabelView.swift */; };
		9D34D454201820490042FB56 /* NamingLabelView.xib in Resources */ = {isa = PBXBuildFile; fileRef = 9D34D452201820480042FB56 /* NamingLabelView.xib */; };
		9D34D459201820530042FB56 /* StampCollectionViewCell.swift in Sources */ = {isa = PBXBuildFile; fileRef = 9D34D455201820520042FB56 /* StampCollectionViewCell.swift */; };
		9D34D45A201820530042FB56 /* StampCollectionViewCell.xib in Resources */ = {isa = PBXBuildFile; fileRef = 9D34D456201820520042FB56 /* StampCollectionViewCell.xib */; };
		9D34D45B201820530042FB56 /* StampSelectView.xib in Resources */ = {isa = PBXBuildFile; fileRef = 9D34D457201820520042FB56 /* StampSelectView.xib */; };
		9D34D45C201820530042FB56 /* StampSelectView.swift in Sources */ = {isa = PBXBuildFile; fileRef = 9D34D458201820520042FB56 /* StampSelectView.swift */; };
		9D34D45F201820590042FB56 /* StampView.swift in Sources */ = {isa = PBXBuildFile; fileRef = 9D34D45D201820590042FB56 /* StampView.swift */; };
		9D34D460201820590042FB56 /* StampView.xib in Resources */ = {isa = PBXBuildFile; fileRef = 9D34D45E201820590042FB56 /* StampView.xib */; };
		9D34D463201820680042FB56 /* TextViewController.swift in Sources */ = {isa = PBXBuildFile; fileRef = 9D34D461201820680042FB56 /* TextViewController.swift */; };
		9D34D464201820680042FB56 /* TextViewNavigationController.swift in Sources */ = {isa = PBXBuildFile; fileRef = 9D34D462201820680042FB56 /* TextViewNavigationController.swift */; };
		9D34D466201821660042FB56 /* HomeViewController.swift in Sources */ = {isa = PBXBuildFile; fileRef = 9D34D465201821660042FB56 /* HomeViewController.swift */; };
		9D34D4692018216D0042FB56 /* StageTableViewCell.xib in Resources */ = {isa = PBXBuildFile; fileRef = 9D34D4672018216D0042FB56 /* StageTableViewCell.xib */; };
		9D34D46A2018216D0042FB56 /* StageTableViewCell.swift in Sources */ = {isa = PBXBuildFile; fileRef = 9D34D4682018216D0042FB56 /* StageTableViewCell.swift */; };
		9D34D46C201821780042FB56 /* NavigationController.swift in Sources */ = {isa = PBXBuildFile; fileRef = 9D34D46B201821780042FB56 /* NavigationController.swift */; };
		9D34D46E201821800042FB56 /* NamingViewController.swift in Sources */ = {isa = PBXBuildFile; fileRef = 9D34D46D201821800042FB56 /* NamingViewController.swift */; };
		9D34D475201821870042FB56 /* LabelSettingViewDelegate.swift in Sources */ = {isa = PBXBuildFile; fileRef = 9D34D46F201821870042FB56 /* LabelSettingViewDelegate.swift */; };
		9D34D476201821870042FB56 /* NamingLabelViewDelegate.swift in Sources */ = {isa = PBXBuildFile; fileRef = 9D34D470201821870042FB56 /* NamingLabelViewDelegate.swift */; };
		9D34D477201821870042FB56 /* StampViewDelegate.swift in Sources */ = {isa = PBXBuildFile; fileRef = 9D34D471201821870042FB56 /* StampViewDelegate.swift */; };
		9D34D478201821870042FB56 /* StampSelectViewDelegate.swift in Sources */ = {isa = PBXBuildFile; fileRef = 9D34D472201821870042FB56 /* StampSelectViewDelegate.swift */; };
		9D34D479201821870042FB56 /* ItemViewDelegate.swift in Sources */ = {isa = PBXBuildFile; fileRef = 9D34D473201821870042FB56 /* ItemViewDelegate.swift */; };
		9D34D47A201821870042FB56 /* TextViewControllerDelegate.swift in Sources */ = {isa = PBXBuildFile; fileRef = 9D34D474201821870042FB56 /* TextViewControllerDelegate.swift */; };
		9D34D47D201821F20042FB56 /* ConstText.swift in Sources */ = {isa = PBXBuildFile; fileRef = 9D34D47B201821F20042FB56 /* ConstText.swift */; };
		9D34D47E201821F20042FB56 /* ConstColor.swift in Sources */ = {isa = PBXBuildFile; fileRef = 9D34D47C201821F20042FB56 /* ConstColor.swift */; };
		9D34D481201821F80042FB56 /* UIViewExtension.swift in Sources */ = {isa = PBXBuildFile; fileRef = 9D34D47F201821F70042FB56 /* UIViewExtension.swift */; };
		9D34D482201821F80042FB56 /* UIColorExtension.swift in Sources */ = {isa = PBXBuildFile; fileRef = 9D34D480201821F80042FB56 /* UIColorExtension.swift */; };
		9D34D48A201823880042FB56 /* stroke_thin@3x.png in Resources */ = {isa = PBXBuildFile; fileRef = 9D34D483201823870042FB56 /* stroke_thin@3x.png */; };
		9D34D48B201823880042FB56 /* stroke_think@2x.png in Resources */ = {isa = PBXBuildFile; fileRef = 9D34D484201823870042FB56 /* stroke_think@2x.png */; };
		9D34D48C201823880042FB56 /* stroke@3x.png in Resources */ = {isa = PBXBuildFile; fileRef = 9D34D485201823870042FB56 /* stroke@3x.png */; };
		9D34D48D201823880042FB56 /* stroke@2x.png in Resources */ = {isa = PBXBuildFile; fileRef = 9D34D486201823870042FB56 /* stroke@2x.png */; };
		9D34D48E201823880042FB56 /* close.png in Resources */ = {isa = PBXBuildFile; fileRef = 9D34D487201823870042FB56 /* close.png */; };
		9D34D48F201823880042FB56 /* stroke_think.png in Resources */ = {isa = PBXBuildFile; fileRef = 9D34D488201823870042FB56 /* stroke_think.png */; };
		9D34D490201823880042FB56 /* stroke_think@3x.png in Resources */ = {isa = PBXBuildFile; fileRef = 9D34D489201823870042FB56 /* stroke_think@3x.png */; };
		9D34D497201823970042FB56 /* 60.jpg in Resources */ = {isa = PBXBuildFile; fileRef = 9D34D491201823970042FB56 /* 60.jpg */; };
		9D34D498201823970042FB56 /* 60@3x.jpg in Resources */ = {isa = PBXBuildFile; fileRef = 9D34D492201823970042FB56 /* 60@3x.jpg */; };
		9D34D499201823970042FB56 /* 60@2x.jpg in Resources */ = {isa = PBXBuildFile; fileRef = 9D34D493201823970042FB56 /* 60@2x.jpg */; };
		9D34D49A201823970042FB56 /* 60@2x.png in Resources */ = {isa = PBXBuildFile; fileRef = 9D34D494201823970042FB56 /* 60@2x.png */; };
		9D34D49B201823970042FB56 /* 60@3x.png in Resources */ = {isa = PBXBuildFile; fileRef = 9D34D495201823970042FB56 /* 60@3x.png */; };
		9D34D49C201823970042FB56 /* 60.png in Resources */ = {isa = PBXBuildFile; fileRef = 9D34D496201823970042FB56 /* 60.png */; };
		9D34D4C9201823C80042FB56 /* delete@3x.png in Resources */ = {isa = PBXBuildFile; fileRef = 9D34D4B7201823C60042FB56 /* delete@3x.png */; };
		9D34D4CA201823C80042FB56 /* delete@2x.png in Resources */ = {isa = PBXBuildFile; fileRef = 9D34D4B8201823C60042FB56 /* delete@2x.png */; };
		9D34D4CB201823C80042FB56 /* stroke_thin@2x.png in Resources */ = {isa = PBXBuildFile; fileRef = 9D34D4B9201823C60042FB56 /* stroke_thin@2x.png */; };
		9D34D4CC201823C80042FB56 /* Capture@2x.png in Resources */ = {isa = PBXBuildFile; fileRef = 9D34D4BA201823C60042FB56 /* Capture@2x.png */; };
		9D34D4CD201823C80042FB56 /* TwitterIcon@2x.png in Resources */ = {isa = PBXBuildFile; fileRef = 9D34D4BB201823C60042FB56 /* TwitterIcon@2x.png */; };
		9D34D4CE201823C80042FB56 /* delete.png in Resources */ = {isa = PBXBuildFile; fileRef = 9D34D4BC201823C70042FB56 /* delete.png */; };
		9D34D4CF201823C80042FB56 /* fill.png in Resources */ = {isa = PBXBuildFile; fileRef = 9D34D4BD201823C70042FB56 /* fill.png */; };
		9D34D4D0201823C80042FB56 /* Capture@3x.png in Resources */ = {isa = PBXBuildFile; fileRef = 9D34D4BE201823C70042FB56 /* Capture@3x.png */; };
		9D34D4D1201823C80042FB56 /* fill@3x.png in Resources */ = {isa = PBXBuildFile; fileRef = 9D34D4BF201823C70042FB56 /* fill@3x.png */; };
		9D34D4D2201823C80042FB56 /* stroke.png in Resources */ = {isa = PBXBuildFile; fileRef = 9D34D4C0201823C70042FB56 /* stroke.png */; };
		9D34D4D3201823C80042FB56 /* stamp.png in Resources */ = {isa = PBXBuildFile; fileRef = 9D34D4C1201823C70042FB56 /* stamp.png */; };
		9D34D4D4201823C80042FB56 /* stamp@2x.png in Resources */ = {isa = PBXBuildFile; fileRef = 9D34D4C2201823C70042FB56 /* stamp@2x.png */; };
		9D34D4D5201823C80042FB56 /* Capture.png in Resources */ = {isa = PBXBuildFile; fileRef = 9D34D4C3201823C70042FB56 /* Capture.png */; };
		9D34D4D6201823C80042FB56 /* fill@2x.png in Resources */ = {isa = PBXBuildFile; fileRef = 9D34D4C4201823C80042FB56 /* fill@2x.png */; };
		9D34D4D7201823C80042FB56 /* TwitterIcon@3x.png in Resources */ = {isa = PBXBuildFile; fileRef = 9D34D4C5201823C80042FB56 /* TwitterIcon@3x.png */; };
		9D34D4D8201823C80042FB56 /* stroke_thin.png in Resources */ = {isa = PBXBuildFile; fileRef = 9D34D4C6201823C80042FB56 /* stroke_thin.png */; };
		9D34D4D9201823C80042FB56 /* stamp@3x.png in Resources */ = {isa = PBXBuildFile; fileRef = 9D34D4C7201823C80042FB56 /* stamp@3x.png */; };
		9D34D4DA201823C80042FB56 /* TwitterIcon.png in Resources */ = {isa = PBXBuildFile; fileRef = 9D34D4C8201823C80042FB56 /* TwitterIcon.png */; };
		9D34D4DC201823DC0042FB56 /* splatoon.png in Resources */ = {isa = PBXBuildFile; fileRef = 9D34D4DB201823DC0042FB56 /* splatoon.png */; };
		9D52DD591F1DAD03003204AB /* AppDelegate.swift in Sources */ = {isa = PBXBuildFile; fileRef = 9D52DD581F1DAD03003204AB /* AppDelegate.swift */; };
		9D52DD5E1F1DAD03003204AB /* Main.storyboard in Resources */ = {isa = PBXBuildFile; fileRef = 9D52DD5C1F1DAD03003204AB /* Main.storyboard */; };
		9D52DD601F1DAD03003204AB /* Assets.xcassets in Resources */ = {isa = PBXBuildFile; fileRef = 9D52DD5F1F1DAD03003204AB /* Assets.xcassets */; };
		9D52DD631F1DAD03003204AB /* LaunchScreen.storyboard in Resources */ = {isa = PBXBuildFile; fileRef = 9D52DD611F1DAD03003204AB /* LaunchScreen.storyboard */; };
		9D52DD8D1F1DD1C6003204AB /* Resource.bundle in Resources */ = {isa = PBXBuildFile; fileRef = 9D52DD8C1F1DD1C6003204AB /* Resource.bundle */; };
		9D52DDA31F1F13D3003204AB /* AdSupport.framework in Frameworks */ = {isa = PBXBuildFile; fileRef = 9D52DDA21F1F13D3003204AB /* AdSupport.framework */; };
		9D52DDA51F1F13E6003204AB /* AudioToolbox.framework in Frameworks */ = {isa = PBXBuildFile; fileRef = 9D52DDA41F1F13E6003204AB /* AudioToolbox.framework */; };
		9D52DDA71F1F13F0003204AB /* AVFoundation.framework in Frameworks */ = {isa = PBXBuildFile; fileRef = 9D52DDA61F1F13F0003204AB /* AVFoundation.framework */; };
		9D52DDA91F1F13FF003204AB /* CoreGraphics.framework in Frameworks */ = {isa = PBXBuildFile; fileRef = 9D52DDA81F1F13FF003204AB /* CoreGraphics.framework */; };
		9D52DDAB1F1F1411003204AB /* CoreMedia.framework in Frameworks */ = {isa = PBXBuildFile; fileRef = 9D52DDAA1F1F1411003204AB /* CoreMedia.framework */; };
		9D52DDAD1F1F141F003204AB /* CoreTelephony.framework in Frameworks */ = {isa = PBXBuildFile; fileRef = 9D52DDAC1F1F141F003204AB /* CoreTelephony.framework */; };
		9D52DDAF1F1F142E003204AB /* EventKit.framework in Frameworks */ = {isa = PBXBuildFile; fileRef = 9D52DDAE1F1F142E003204AB /* EventKit.framework */; };
		9D52DDB11F1F143F003204AB /* EventKitUI.framework in Frameworks */ = {isa = PBXBuildFile; fileRef = 9D52DDB01F1F143E003204AB /* EventKitUI.framework */; };
		9D52DDB31F1F144D003204AB /* MessageUI.framework in Frameworks */ = {isa = PBXBuildFile; fileRef = 9D52DDB21F1F144D003204AB /* MessageUI.framework */; };
		9D52DDB51F1F1457003204AB /* StoreKit.framework in Frameworks */ = {isa = PBXBuildFile; fileRef = 9D52DDB41F1F1457003204AB /* StoreKit.framework */; };
		9D52DDB71F1F1464003204AB /* SystemConfiguration.framework in Frameworks */ = {isa = PBXBuildFile; fileRef = 9D52DDB61F1F1464003204AB /* SystemConfiguration.framework */; };
		A60A6B966E6683DB18EBE460 /* Pods_MegaphoneTest.framework in Frameworks */ = {isa = PBXBuildFile; fileRef = 178232ADF7B430DAF0B939FD /* Pods_MegaphoneTest.framework */; };
		C54FEB9813872A27689E1D65 /* Pods_Megaphone.framework in Frameworks */ = {isa = PBXBuildFile; fileRef = 71FD0A3C907689D1914F69CF /* Pods_Megaphone.framework */; };
/* End PBXBuildFile section */

/* Begin PBXContainerItemProxy section */
		9D34D4262016F0DB0042FB56 /* PBXContainerItemProxy */ = {
			isa = PBXContainerItemProxy;
			containerPortal = 9D52DD4D1F1DAD03003204AB /* Project object */;
			proxyType = 1;
			remoteGlobalIDString = 9D52DD541F1DAD03003204AB;
			remoteInfo = Megaphone;
		};
/* End PBXContainerItemProxy section */

/* Begin PBXFileReference section */
		02853CB0167B359CE7A1A78C /* Pods-Megaphone.release.xcconfig */ = {isa = PBXFileReference; includeInIndex = 1; lastKnownFileType = text.xcconfig; name = "Pods-Megaphone.release.xcconfig"; path = "Pods/Target Support Files/Pods-Megaphone/Pods-Megaphone.release.xcconfig"; sourceTree = "<group>"; };
		178232ADF7B430DAF0B939FD /* Pods_MegaphoneTest.framework */ = {isa = PBXFileReference; explicitFileType = wrapper.framework; includeInIndex = 0; path = Pods_MegaphoneTest.framework; sourceTree = BUILT_PRODUCTS_DIR; };
		64260B4968DD748DCF0580EA /* Pods-MegaphoneTests.debug.xcconfig */ = {isa = PBXFileReference; includeInIndex = 1; lastKnownFileType = text.xcconfig; name = "Pods-MegaphoneTests.debug.xcconfig"; path = "Pods/Target Support Files/Pods-MegaphoneTests/Pods-MegaphoneTests.debug.xcconfig"; sourceTree = "<group>"; };
		6A0D4433F1907D4970BE449F /* Pods_Megaphone_MegaphoneTests.framework */ = {isa = PBXFileReference; explicitFileType = wrapper.framework; includeInIndex = 0; path = Pods_Megaphone_MegaphoneTests.framework; sourceTree = BUILT_PRODUCTS_DIR; };
		6BEFA7F5BE5B9107C3B7D27A /* Pods-MegaphoneTest.release.xcconfig */ = {isa = PBXFileReference; includeInIndex = 1; lastKnownFileType = text.xcconfig; name = "Pods-MegaphoneTest.release.xcconfig"; path = "Pods/Target Support Files/Pods-MegaphoneTest/Pods-MegaphoneTest.release.xcconfig"; sourceTree = "<group>"; };
		717B1F0A49946DD48AB6E662 /* Pods-MegaphoneTests.release.xcconfig */ = {isa = PBXFileReference; includeInIndex = 1; lastKnownFileType = text.xcconfig; name = "Pods-MegaphoneTests.release.xcconfig"; path = "Pods/Target Support Files/Pods-MegaphoneTests/Pods-MegaphoneTests.release.xcconfig"; sourceTree = "<group>"; };
		71FD0A3C907689D1914F69CF /* Pods_Megaphone.framework */ = {isa = PBXFileReference; explicitFileType = wrapper.framework; includeInIndex = 0; path = Pods_Megaphone.framework; sourceTree = BUILT_PRODUCTS_DIR; };
		7C545F10BC1BEF2F69571461 /* Pods-Megaphone.debug.xcconfig */ = {isa = PBXFileReference; includeInIndex = 1; lastKnownFileType = text.xcconfig; name = "Pods-Megaphone.debug.xcconfig"; path = "Pods/Target Support Files/Pods-Megaphone/Pods-Megaphone.debug.xcconfig"; sourceTree = "<group>"; };
		9D34D4212016F0DA0042FB56 /* MegaphoneTest.xctest */ = {isa = PBXFileReference; explicitFileType = wrapper.cfbundle; includeInIndex = 0; path = MegaphoneTest.xctest; sourceTree = BUILT_PRODUCTS_DIR; };
		9D34D4232016F0DB0042FB56 /* MegaphoneTest.swift */ = {isa = PBXFileReference; lastKnownFileType = sourcecode.swift; path = MegaphoneTest.swift; sourceTree = "<group>"; };
		9D34D4252016F0DB0042FB56 /* Info.plist */ = {isa = PBXFileReference; lastKnownFileType = text.plist.xml; path = Info.plist; sourceTree = "<group>"; };
		9D34D42D201702C30042FB56 /* RealmStoreManagerTest.swift */ = {isa = PBXFileReference; fileEncoding = 4; lastKnownFileType = sourcecode.swift; path = RealmStoreManagerTest.swift; sourceTree = "<group>"; };
		9D34D43120181E310042FB56 /* StageFetcher.swift */ = {isa = PBXFileReference; fileEncoding = 4; lastKnownFileType = sourcecode.swift; name = StageFetcher.swift; path = Model/Fetcher/StageFetcher.swift; sourceTree = "<group>"; };
		9D34D43320181E3B0042FB56 /* RealmStoreManager.swift */ = {isa = PBXFileReference; fileEncoding = 4; lastKnownFileType = sourcecode.swift; name = RealmStoreManager.swift; path = Model/Manager/RealmStoreManager.swift; sourceTree = "<group>"; };
		9D34D43420181E3B0042FB56 /* AlertControllerManager.swift */ = {isa = PBXFileReference; fileEncoding = 4; lastKnownFileType = sourcecode.swift; name = AlertControllerManager.swift; path = Model/Manager/AlertControllerManager.swift; sourceTree = "<group>"; };
		9D34D43520181E3B0042FB56 /* JsonManager.swift */ = {isa = PBXFileReference; fileEncoding = 4; lastKnownFileType = sourcecode.swift; name = JsonManager.swift; path = Model/Manager/JsonManager.swift; sourceTree = "<group>"; };
		9D34D43920181E460042FB56 /* LabelEntity.swift */ = {isa = PBXFileReference; fileEncoding = 4; lastKnownFileType = sourcecode.swift; name = LabelEntity.swift; path = Model/Entity/LabelEntity.swift; sourceTree = "<group>"; };
		9D34D43A20181E460042FB56 /* StampStoreEntityList.swift */ = {isa = PBXFileReference; fileEncoding = 4; lastKnownFileType = sourcecode.swift; name = StampStoreEntityList.swift; path = Model/Entity/StampStoreEntityList.swift; sourceTree = "<group>"; };
		9D34D43B20181E460042FB56 /* LabelOfStageEntity.swift */ = {isa = PBXFileReference; fileEncoding = 4; lastKnownFileType = sourcecode.swift; name = LabelOfStageEntity.swift; path = Model/Entity/LabelOfStageEntity.swift; sourceTree = "<group>"; };
		9D34D43C20181E460042FB56 /* StageEntity.swift */ = {isa = PBXFileReference; fileEncoding = 4; lastKnownFileType = sourcecode.swift; name = StageEntity.swift; path = Model/Entity/StageEntity.swift; sourceTree = "<group>"; };
		9D34D43D20181E460042FB56 /* FetchStoreEntity.swift */ = {isa = PBXFileReference; fileEncoding = 4; lastKnownFileType = sourcecode.swift; name = FetchStoreEntity.swift; path = Model/Entity/FetchStoreEntity.swift; sourceTree = "<group>"; };
		9D34D43E20181E460042FB56 /* StampStoreEntity.swift */ = {isa = PBXFileReference; fileEncoding = 4; lastKnownFileType = sourcecode.swift; name = StampStoreEntity.swift; path = Model/Entity/StampStoreEntity.swift; sourceTree = "<group>"; };
		9D34D43F20181E460042FB56 /* StampEntity.swift */ = {isa = PBXFileReference; fileEncoding = 4; lastKnownFileType = sourcecode.swift; name = StampEntity.swift; path = Model/Entity/StampEntity.swift; sourceTree = "<group>"; };
		9D34D44020181E460042FB56 /* TextViewEntity.swift */ = {isa = PBXFileReference; fileEncoding = 4; lastKnownFileType = sourcecode.swift; name = TextViewEntity.swift; path = Model/Entity/TextViewEntity.swift; sourceTree = "<group>"; };
		9D34D449201820170042FB56 /* ItemsView.xib */ = {isa = PBXFileReference; fileEncoding = 4; lastKnownFileType = file.xib; name = ItemsView.xib; path = View/ItemView/ItemsView.xib; sourceTree = "<group>"; };
		9D34D44A201820170042FB56 /* ItemView.swift */ = {isa = PBXFileReference; fileEncoding = 4; lastKnownFileType = sourcecode.swift; name = ItemView.swift; path = View/ItemView/ItemView.swift; sourceTree = "<group>"; };
		9D34D44D201820420042FB56 /* LabelSettingView.xib */ = {isa = PBXFileReference; fileEncoding = 4; lastKnownFileType = file.xib; name = LabelSettingView.xib; path = View/Label/LabelSettingView/LabelSettingView.xib; sourceTree = "<group>"; };
		9D34D44E201820420042FB56 /* LabelSettingView.swift */ = {isa = PBXFileReference; fileEncoding = 4; lastKnownFileType = sourcecode.swift; name = LabelSettingView.swift; path = View/Label/LabelSettingView/LabelSettingView.swift; sourceTree = "<group>"; };
		9D34D451201820480042FB56 /* NamingLabelView.swift */ = {isa = PBXFileReference; fileEncoding = 4; lastKnownFileType = sourcecode.swift; name = NamingLabelView.swift; path = View/Label/NamingLabelView.swift; sourceTree = "<group>"; };
		9D34D452201820480042FB56 /* NamingLabelView.xib */ = {isa = PBXFileReference; fileEncoding = 4; lastKnownFileType = file.xib; name = NamingLabelView.xib; path = View/Label/NamingLabelView.xib; sourceTree = "<group>"; };
		9D34D455201820520042FB56 /* StampCollectionViewCell.swift */ = {isa = PBXFileReference; fileEncoding = 4; lastKnownFileType = sourcecode.swift; name = StampCollectionViewCell.swift; path = View/Stamp/StampSelectView/StampCollectionViewCell.swift; sourceTree = "<group>"; };
		9D34D456201820520042FB56 /* StampCollectionViewCell.xib */ = {isa = PBXFileReference; fileEncoding = 4; lastKnownFileType = file.xib; name = StampCollectionViewCell.xib; path = View/Stamp/StampSelectView/StampCollectionViewCell.xib; sourceTree = "<group>"; };
		9D34D457201820520042FB56 /* StampSelectView.xib */ = {isa = PBXFileReference; fileEncoding = 4; lastKnownFileType = file.xib; name = StampSelectView.xib; path = View/Stamp/StampSelectView/StampSelectView.xib; sourceTree = "<group>"; };
		9D34D458201820520042FB56 /* StampSelectView.swift */ = {isa = PBXFileReference; fileEncoding = 4; lastKnownFileType = sourcecode.swift; name = StampSelectView.swift; path = View/Stamp/StampSelectView/StampSelectView.swift; sourceTree = "<group>"; };
		9D34D45D201820590042FB56 /* StampView.swift */ = {isa = PBXFileReference; fileEncoding = 4; lastKnownFileType = sourcecode.swift; name = StampView.swift; path = View/Stamp/StampView.swift; sourceTree = "<group>"; };
		9D34D45E201820590042FB56 /* StampView.xib */ = {isa = PBXFileReference; fileEncoding = 4; lastKnownFileType = file.xib; name = StampView.xib; path = View/Stamp/StampView.xib; sourceTree = "<group>"; };
		9D34D461201820680042FB56 /* TextViewController.swift */ = {isa = PBXFileReference; fileEncoding = 4; lastKnownFileType = sourcecode.swift; name = TextViewController.swift; path = View/TextView/TextViewController.swift; sourceTree = "<group>"; };
		9D34D462201820680042FB56 /* TextViewNavigationController.swift */ = {isa = PBXFileReference; fileEncoding = 4; lastKnownFileType = sourcecode.swift; name = TextViewNavigationController.swift; path = View/TextView/TextViewNavigationController.swift; sourceTree = "<group>"; };
		9D34D465201821660042FB56 /* HomeViewController.swift */ = {isa = PBXFileReference; fileEncoding = 4; lastKnownFileType = sourcecode.swift; name = HomeViewController.swift; path = Controller/Home/HomeViewController.swift; sourceTree = "<group>"; };
		9D34D4672018216D0042FB56 /* StageTableViewCell.xib */ = {isa = PBXFileReference; fileEncoding = 4; lastKnownFileType = file.xib; name = StageTableViewCell.xib; path = Controller/Home/StageTableView/StageTableViewCell.xib; sourceTree = "<group>"; };
		9D34D4682018216D0042FB56 /* StageTableViewCell.swift */ = {isa = PBXFileReference; fileEncoding = 4; lastKnownFileType = sourcecode.swift; name = StageTableViewCell.swift; path = Controller/Home/StageTableView/StageTableViewCell.swift; sourceTree = "<group>"; };
		9D34D46B201821780042FB56 /* NavigationController.swift */ = {isa = PBXFileReference; fileEncoding = 4; lastKnownFileType = sourcecode.swift; name = NavigationController.swift; path = Controller/NavigationController.swift; sourceTree = "<group>"; };
		9D34D46D201821800042FB56 /* NamingViewController.swift */ = {isa = PBXFileReference; fileEncoding = 4; lastKnownFileType = sourcecode.swift; name = NamingViewController.swift; path = Controller/Naming/NamingViewController.swift; sourceTree = "<group>"; };
		9D34D46F201821870042FB56 /* LabelSettingViewDelegate.swift */ = {isa = PBXFileReference; fileEncoding = 4; lastKnownFileType = sourcecode.swift; name = LabelSettingViewDelegate.swift; path = Controller/Naming/Extension/LabelSettingViewDelegate.swift; sourceTree = "<group>"; };
		9D34D470201821870042FB56 /* NamingLabelViewDelegate.swift */ = {isa = PBXFileReference; fileEncoding = 4; lastKnownFileType = sourcecode.swift; name = NamingLabelViewDelegate.swift; path = Controller/Naming/Extension/NamingLabelViewDelegate.swift; sourceTree = "<group>"; };
		9D34D471201821870042FB56 /* StampViewDelegate.swift */ = {isa = PBXFileReference; fileEncoding = 4; lastKnownFileType = sourcecode.swift; name = StampViewDelegate.swift; path = Controller/Naming/Extension/StampViewDelegate.swift; sourceTree = "<group>"; };
		9D34D472201821870042FB56 /* StampSelectViewDelegate.swift */ = {isa = PBXFileReference; fileEncoding = 4; lastKnownFileType = sourcecode.swift; name = StampSelectViewDelegate.swift; path = Controller/Naming/Extension/StampSelectViewDelegate.swift; sourceTree = "<group>"; };
		9D34D473201821870042FB56 /* ItemViewDelegate.swift */ = {isa = PBXFileReference; fileEncoding = 4; lastKnownFileType = sourcecode.swift; name = ItemViewDelegate.swift; path = Controller/Naming/Extension/ItemViewDelegate.swift; sourceTree = "<group>"; };
		9D34D474201821870042FB56 /* TextViewControllerDelegate.swift */ = {isa = PBXFileReference; fileEncoding = 4; lastKnownFileType = sourcecode.swift; name = TextViewControllerDelegate.swift; path = Controller/Naming/Extension/TextViewControllerDelegate.swift; sourceTree = "<group>"; };
		9D34D47B201821F20042FB56 /* ConstText.swift */ = {isa = PBXFileReference; fileEncoding = 4; lastKnownFileType = sourcecode.swift; name = ConstText.swift; path = Utility/Const/ConstText.swift; sourceTree = "<group>"; };
		9D34D47C201821F20042FB56 /* ConstColor.swift */ = {isa = PBXFileReference; fileEncoding = 4; lastKnownFileType = sourcecode.swift; name = ConstColor.swift; path = Utility/Const/ConstColor.swift; sourceTree = "<group>"; };
		9D34D47F201821F70042FB56 /* UIViewExtension.swift */ = {isa = PBXFileReference; fileEncoding = 4; lastKnownFileType = sourcecode.swift; name = UIViewExtension.swift; path = Utility/Extension/UIViewExtension.swift; sourceTree = "<group>"; };
		9D34D480201821F80042FB56 /* UIColorExtension.swift */ = {isa = PBXFileReference; fileEncoding = 4; lastKnownFileType = sourcecode.swift; name = UIColorExtension.swift; path = Utility/Extension/UIColorExtension.swift; sourceTree = "<group>"; };
		9D34D483201823870042FB56 /* stroke_thin@3x.png */ = {isa = PBXFileReference; lastKnownFileType = image.png; name = "stroke_thin@3x.png"; path = "Resources/LabelSetting/stroke_thin@3x.png"; sourceTree = "<group>"; };
		9D34D484201823870042FB56 /* stroke_think@2x.png */ = {isa = PBXFileReference; lastKnownFileType = image.png; name = "stroke_think@2x.png"; path = "Resources/LabelSetting/stroke_think@2x.png"; sourceTree = "<group>"; };
		9D34D485201823870042FB56 /* stroke@3x.png */ = {isa = PBXFileReference; lastKnownFileType = image.png; name = "stroke@3x.png"; path = "Resources/LabelSetting/stroke@3x.png"; sourceTree = "<group>"; };
		9D34D486201823870042FB56 /* stroke@2x.png */ = {isa = PBXFileReference; lastKnownFileType = image.png; name = "stroke@2x.png"; path = "Resources/LabelSetting/stroke@2x.png"; sourceTree = "<group>"; };
		9D34D487201823870042FB56 /* close.png */ = {isa = PBXFileReference; lastKnownFileType = image.png; name = close.png; path = Resources/LabelSetting/close.png; sourceTree = "<group>"; };
		9D34D488201823870042FB56 /* stroke_think.png */ = {isa = PBXFileReference; lastKnownFileType = image.png; name = stroke_think.png; path = Resources/LabelSetting/stroke_think.png; sourceTree = "<group>"; };
		9D34D489201823870042FB56 /* stroke_think@3x.png */ = {isa = PBXFileReference; lastKnownFileType = image.png; name = "stroke_think@3x.png"; path = "Resources/LabelSetting/stroke_think@3x.png"; sourceTree = "<group>"; };
		9D34D491201823970042FB56 /* 60.jpg */ = {isa = PBXFileReference; lastKnownFileType = image.jpeg; name = 60.jpg; path = Resources/App/60.jpg; sourceTree = "<group>"; };
		9D34D492201823970042FB56 /* 60@3x.jpg */ = {isa = PBXFileReference; lastKnownFileType = image.jpeg; name = "60@3x.jpg"; path = "Resources/App/60@3x.jpg"; sourceTree = "<group>"; };
		9D34D493201823970042FB56 /* 60@2x.jpg */ = {isa = PBXFileReference; lastKnownFileType = image.jpeg; name = "60@2x.jpg"; path = "Resources/App/60@2x.jpg"; sourceTree = "<group>"; };
		9D34D494201823970042FB56 /* 60@2x.png */ = {isa = PBXFileReference; lastKnownFileType = image.png; name = "60@2x.png"; path = "Resources/App/60@2x.png"; sourceTree = "<group>"; };
		9D34D495201823970042FB56 /* 60@3x.png */ = {isa = PBXFileReference; lastKnownFileType = image.png; name = "60@3x.png"; path = "Resources/App/60@3x.png"; sourceTree = "<group>"; };
		9D34D496201823970042FB56 /* 60.png */ = {isa = PBXFileReference; lastKnownFileType = image.png; name = 60.png; path = Resources/App/60.png; sourceTree = "<group>"; };
		9D34D4B7201823C60042FB56 /* delete@3x.png */ = {isa = PBXFileReference; lastKnownFileType = image.png; name = "delete@3x.png"; path = "Resources/ItemViewIcon/delete@3x.png"; sourceTree = "<group>"; };
		9D34D4B8201823C60042FB56 /* delete@2x.png */ = {isa = PBXFileReference; lastKnownFileType = image.png; name = "delete@2x.png"; path = "Resources/ItemViewIcon/delete@2x.png"; sourceTree = "<group>"; };
		9D34D4B9201823C60042FB56 /* stroke_thin@2x.png */ = {isa = PBXFileReference; lastKnownFileType = image.png; name = "stroke_thin@2x.png"; path = "Resources/ItemViewIcon/stroke_thin@2x.png"; sourceTree = "<group>"; };
		9D34D4BA201823C60042FB56 /* Capture@2x.png */ = {isa = PBXFileReference; lastKnownFileType = image.png; name = "Capture@2x.png"; path = "Resources/ItemViewIcon/Capture@2x.png"; sourceTree = "<group>"; };
		9D34D4BB201823C60042FB56 /* TwitterIcon@2x.png */ = {isa = PBXFileReference; lastKnownFileType = image.png; name = "TwitterIcon@2x.png"; path = "Resources/ItemViewIcon/TwitterIcon@2x.png"; sourceTree = "<group>"; };
		9D34D4BC201823C70042FB56 /* delete.png */ = {isa = PBXFileReference; lastKnownFileType = image.png; name = delete.png; path = Resources/ItemViewIcon/delete.png; sourceTree = "<group>"; };
		9D34D4BD201823C70042FB56 /* fill.png */ = {isa = PBXFileReference; lastKnownFileType = image.png; name = fill.png; path = Resources/ItemViewIcon/fill.png; sourceTree = "<group>"; };
		9D34D4BE201823C70042FB56 /* Capture@3x.png */ = {isa = PBXFileReference; lastKnownFileType = image.png; name = "Capture@3x.png"; path = "Resources/ItemViewIcon/Capture@3x.png"; sourceTree = "<group>"; };
		9D34D4BF201823C70042FB56 /* fill@3x.png */ = {isa = PBXFileReference; lastKnownFileType = image.png; name = "fill@3x.png"; path = "Resources/ItemViewIcon/fill@3x.png"; sourceTree = "<group>"; };
		9D34D4C0201823C70042FB56 /* stroke.png */ = {isa = PBXFileReference; lastKnownFileType = image.png; name = stroke.png; path = Resources/ItemViewIcon/stroke.png; sourceTree = "<group>"; };
		9D34D4C1201823C70042FB56 /* stamp.png */ = {isa = PBXFileReference; lastKnownFileType = image.png; name = stamp.png; path = Resources/ItemViewIcon/stamp.png; sourceTree = "<group>"; };
		9D34D4C2201823C70042FB56 /* stamp@2x.png */ = {isa = PBXFileReference; lastKnownFileType = image.png; name = "stamp@2x.png"; path = "Resources/ItemViewIcon/stamp@2x.png"; sourceTree = "<group>"; };
		9D34D4C3201823C70042FB56 /* Capture.png */ = {isa = PBXFileReference; lastKnownFileType = image.png; name = Capture.png; path = Resources/ItemViewIcon/Capture.png; sourceTree = "<group>"; };
		9D34D4C4201823C80042FB56 /* fill@2x.png */ = {isa = PBXFileReference; lastKnownFileType = image.png; name = "fill@2x.png"; path = "Resources/ItemViewIcon/fill@2x.png"; sourceTree = "<group>"; };
		9D34D4C5201823C80042FB56 /* TwitterIcon@3x.png */ = {isa = PBXFileReference; lastKnownFileType = image.png; name = "TwitterIcon@3x.png"; path = "Resources/ItemViewIcon/TwitterIcon@3x.png"; sourceTree = "<group>"; };
		9D34D4C6201823C80042FB56 /* stroke_thin.png */ = {isa = PBXFileReference; lastKnownFileType = image.png; name = stroke_thin.png; path = Resources/ItemViewIcon/stroke_thin.png; sourceTree = "<group>"; };
		9D34D4C7201823C80042FB56 /* stamp@3x.png */ = {isa = PBXFileReference; lastKnownFileType = image.png; name = "stamp@3x.png"; path = "Resources/ItemViewIcon/stamp@3x.png"; sourceTree = "<group>"; };
		9D34D4C8201823C80042FB56 /* TwitterIcon.png */ = {isa = PBXFileReference; lastKnownFileType = image.png; name = TwitterIcon.png; path = Resources/ItemViewIcon/TwitterIcon.png; sourceTree = "<group>"; };
		9D34D4DB201823DC0042FB56 /* splatoon.png */ = {isa = PBXFileReference; lastKnownFileType = image.png; name = splatoon.png; path = Resources/Stamp/splatoon.png; sourceTree = "<group>"; };
		9D52DD551F1DAD03003204AB /* Megaphone.app */ = {isa = PBXFileReference; explicitFileType = wrapper.application; includeInIndex = 0; path = Megaphone.app; sourceTree = BUILT_PRODUCTS_DIR; };
		9D52DD581F1DAD03003204AB /* AppDelegate.swift */ = {isa = PBXFileReference; lastKnownFileType = sourcecode.swift; path = AppDelegate.swift; sourceTree = "<group>"; };
		9D52DD5D1F1DAD03003204AB /* Base */ = {isa = PBXFileReference; lastKnownFileType = file.storyboard; name = Base; path = Base.lproj/Main.storyboard; sourceTree = "<group>"; };
		9D52DD5F1F1DAD03003204AB /* Assets.xcassets */ = {isa = PBXFileReference; lastKnownFileType = folder.assetcatalog; path = Assets.xcassets; sourceTree = "<group>"; };
		9D52DD621F1DAD03003204AB /* Base */ = {isa = PBXFileReference; lastKnownFileType = file.storyboard; name = Base; path = Base.lproj/LaunchScreen.storyboard; sourceTree = "<group>"; };
		9D52DD641F1DAD03003204AB /* Info.plist */ = {isa = PBXFileReference; lastKnownFileType = text.plist.xml; path = Info.plist; sourceTree = "<group>"; };
		9D52DD8C1F1DD1C6003204AB /* Resource.bundle */ = {isa = PBXFileReference; lastKnownFileType = "wrapper.plug-in"; path = Resource.bundle; sourceTree = SOURCE_ROOT; };
		9D52DDA21F1F13D3003204AB /* AdSupport.framework */ = {isa = PBXFileReference; lastKnownFileType = wrapper.framework; name = AdSupport.framework; path = System/Library/Frameworks/AdSupport.framework; sourceTree = SDKROOT; };
		9D52DDA41F1F13E6003204AB /* AudioToolbox.framework */ = {isa = PBXFileReference; lastKnownFileType = wrapper.framework; name = AudioToolbox.framework; path = System/Library/Frameworks/AudioToolbox.framework; sourceTree = SDKROOT; };
		9D52DDA61F1F13F0003204AB /* AVFoundation.framework */ = {isa = PBXFileReference; lastKnownFileType = wrapper.framework; name = AVFoundation.framework; path = System/Library/Frameworks/AVFoundation.framework; sourceTree = SDKROOT; };
		9D52DDA81F1F13FF003204AB /* CoreGraphics.framework */ = {isa = PBXFileReference; lastKnownFileType = wrapper.framework; name = CoreGraphics.framework; path = System/Library/Frameworks/CoreGraphics.framework; sourceTree = SDKROOT; };
		9D52DDAA1F1F1411003204AB /* CoreMedia.framework */ = {isa = PBXFileReference; lastKnownFileType = wrapper.framework; name = CoreMedia.framework; path = System/Library/Frameworks/CoreMedia.framework; sourceTree = SDKROOT; };
		9D52DDAC1F1F141F003204AB /* CoreTelephony.framework */ = {isa = PBXFileReference; lastKnownFileType = wrapper.framework; name = CoreTelephony.framework; path = System/Library/Frameworks/CoreTelephony.framework; sourceTree = SDKROOT; };
		9D52DDAE1F1F142E003204AB /* EventKit.framework */ = {isa = PBXFileReference; lastKnownFileType = wrapper.framework; name = EventKit.framework; path = System/Library/Frameworks/EventKit.framework; sourceTree = SDKROOT; };
		9D52DDB01F1F143E003204AB /* EventKitUI.framework */ = {isa = PBXFileReference; lastKnownFileType = wrapper.framework; name = EventKitUI.framework; path = System/Library/Frameworks/EventKitUI.framework; sourceTree = SDKROOT; };
		9D52DDB21F1F144D003204AB /* MessageUI.framework */ = {isa = PBXFileReference; lastKnownFileType = wrapper.framework; name = MessageUI.framework; path = System/Library/Frameworks/MessageUI.framework; sourceTree = SDKROOT; };
		9D52DDB41F1F1457003204AB /* StoreKit.framework */ = {isa = PBXFileReference; lastKnownFileType = wrapper.framework; name = StoreKit.framework; path = System/Library/Frameworks/StoreKit.framework; sourceTree = SDKROOT; };
		9D52DDB61F1F1464003204AB /* SystemConfiguration.framework */ = {isa = PBXFileReference; lastKnownFileType = wrapper.framework; name = SystemConfiguration.framework; path = System/Library/Frameworks/SystemConfiguration.framework; sourceTree = SDKROOT; };
		9D52DDB81F1F149D003204AB /* GoogleMobileAds.framework */ = {isa = PBXFileReference; lastKnownFileType = wrapper.framework; name = GoogleMobileAds.framework; path = "../../Downloads/GoogleMobileAdsSdkiOS-7.21.0/GoogleMobileAds.framework"; sourceTree = "<group>"; };
		A501E1D94C0ADE27CAA12DB5 /* Pods-Megaphone-MegaphoneTests.debug.xcconfig */ = {isa = PBXFileReference; includeInIndex = 1; lastKnownFileType = text.xcconfig; name = "Pods-Megaphone-MegaphoneTests.debug.xcconfig"; path = "Pods/Target Support Files/Pods-Megaphone-MegaphoneTests/Pods-Megaphone-MegaphoneTests.debug.xcconfig"; sourceTree = "<group>"; };
		A82A1E1E59D379565A26D39D /* Pods-MegaphoneTest.debug.xcconfig */ = {isa = PBXFileReference; includeInIndex = 1; lastKnownFileType = text.xcconfig; name = "Pods-MegaphoneTest.debug.xcconfig"; path = "Pods/Target Support Files/Pods-MegaphoneTest/Pods-MegaphoneTest.debug.xcconfig"; sourceTree = "<group>"; };
		E71748ABD1862AD071F76F59 /* Pods_MegaphoneTests.framework */ = {isa = PBXFileReference; explicitFileType = wrapper.framework; includeInIndex = 0; path = Pods_MegaphoneTests.framework; sourceTree = BUILT_PRODUCTS_DIR; };
		F1D3688E5B410E7DCC06EF26 /* Pods-Megaphone-MegaphoneTests.release.xcconfig */ = {isa = PBXFileReference; includeInIndex = 1; lastKnownFileType = text.xcconfig; name = "Pods-Megaphone-MegaphoneTests.release.xcconfig"; path = "Pods/Target Support Files/Pods-Megaphone-MegaphoneTests/Pods-Megaphone-MegaphoneTests.release.xcconfig"; sourceTree = "<group>"; };
/* End PBXFileReference section */

/* Begin PBXFrameworksBuildPhase section */
		9D34D41E2016F0DA0042FB56 /* Frameworks */ = {
			isa = PBXFrameworksBuildPhase;
			buildActionMask = 2147483647;
			files = (
				A60A6B966E6683DB18EBE460 /* Pods_MegaphoneTest.framework in Frameworks */,
			);
			runOnlyForDeploymentPostprocessing = 0;
		};
		9D52DD521F1DAD03003204AB /* Frameworks */ = {
			isa = PBXFrameworksBuildPhase;
			buildActionMask = 2147483647;
			files = (
				9D52DDB71F1F1464003204AB /* SystemConfiguration.framework in Frameworks */,
				9D52DDB51F1F1457003204AB /* StoreKit.framework in Frameworks */,
				9D52DDB31F1F144D003204AB /* MessageUI.framework in Frameworks */,
				9D52DDB11F1F143F003204AB /* EventKitUI.framework in Frameworks */,
				9D52DDAF1F1F142E003204AB /* EventKit.framework in Frameworks */,
				9D52DDAD1F1F141F003204AB /* CoreTelephony.framework in Frameworks */,
				9D52DDAB1F1F1411003204AB /* CoreMedia.framework in Frameworks */,
				9D52DDA91F1F13FF003204AB /* CoreGraphics.framework in Frameworks */,
				9D52DDA71F1F13F0003204AB /* AVFoundation.framework in Frameworks */,
				9D52DDA51F1F13E6003204AB /* AudioToolbox.framework in Frameworks */,
				9D52DDA31F1F13D3003204AB /* AdSupport.framework in Frameworks */,
				C54FEB9813872A27689E1D65 /* Pods_Megaphone.framework in Frameworks */,
			);
			runOnlyForDeploymentPostprocessing = 0;
		};
/* End PBXFrameworksBuildPhase section */

/* Begin PBXGroup section */
		02298A9C19C665247B337AA8 /* Pods */ = {
			isa = PBXGroup;
			children = (
				7C545F10BC1BEF2F69571461 /* Pods-Megaphone.debug.xcconfig */,
				02853CB0167B359CE7A1A78C /* Pods-Megaphone.release.xcconfig */,
				64260B4968DD748DCF0580EA /* Pods-MegaphoneTests.debug.xcconfig */,
				717B1F0A49946DD48AB6E662 /* Pods-MegaphoneTests.release.xcconfig */,
				A501E1D94C0ADE27CAA12DB5 /* Pods-Megaphone-MegaphoneTests.debug.xcconfig */,
				F1D3688E5B410E7DCC06EF26 /* Pods-Megaphone-MegaphoneTests.release.xcconfig */,
				A82A1E1E59D379565A26D39D /* Pods-MegaphoneTest.debug.xcconfig */,
				6BEFA7F5BE5B9107C3B7D27A /* Pods-MegaphoneTest.release.xcconfig */,
			);
			name = Pods;
			sourceTree = "<group>";
		};
		9D34D4222016F0DB0042FB56 /* MegaphoneTest */ = {
			isa = PBXGroup;
			children = (
				9D34D42D201702C30042FB56 /* RealmStoreManagerTest.swift */,
				9D34D4232016F0DB0042FB56 /* MegaphoneTest.swift */,
				9D34D4252016F0DB0042FB56 /* Info.plist */,
			);
			path = MegaphoneTest;
			sourceTree = "<group>";
		};
		9D4D0AA81F306F140061D03E /* Manager */ = {
			isa = PBXGroup;
			children = (
				9D34D43420181E3B0042FB56 /* AlertControllerManager.swift */,
				9D34D43520181E3B0042FB56 /* JsonManager.swift */,
				9D34D43320181E3B0042FB56 /* RealmStoreManager.swift */,
			);
			name = Manager;
			sourceTree = "<group>";
		};
		9D4D0B031F42A7E10061D03E /* Stamp */ = {
			isa = PBXGroup;
			children = (
				9D34D4DB201823DC0042FB56 /* splatoon.png */,
			);
			name = Stamp;
			sourceTree = "<group>";
		};
		9D4D0B041F42A7ED0061D03E /* ItemViewIcon */ = {
			isa = PBXGroup;
			children = (
				9D34D4C4201823C80042FB56 /* fill@2x.png */,
				9D34D4C3201823C70042FB56 /* Capture.png */,
				9D34D4BA201823C60042FB56 /* Capture@2x.png */,
				9D34D4BE201823C70042FB56 /* Capture@3x.png */,
				9D34D4BC201823C70042FB56 /* delete.png */,
				9D34D4B8201823C60042FB56 /* delete@2x.png */,
				9D34D4B7201823C60042FB56 /* delete@3x.png */,
				9D34D4BD201823C70042FB56 /* fill.png */,
				9D34D4BF201823C70042FB56 /* fill@3x.png */,
				9D34D4C1201823C70042FB56 /* stamp.png */,
				9D34D4C2201823C70042FB56 /* stamp@2x.png */,
				9D34D4C7201823C80042FB56 /* stamp@3x.png */,
				9D34D4C6201823C80042FB56 /* stroke_thin.png */,
				9D34D4B9201823C60042FB56 /* stroke_thin@2x.png */,
				9D34D4C0201823C70042FB56 /* stroke.png */,
				9D34D4C8201823C80042FB56 /* TwitterIcon.png */,
				9D34D4BB201823C60042FB56 /* TwitterIcon@2x.png */,
				9D34D4C5201823C80042FB56 /* TwitterIcon@3x.png */,
			);
			name = ItemViewIcon;
			sourceTree = "<group>";
		};
		9D4D0B061F42A86A0061D03E /* App */ = {
			isa = PBXGroup;
			children = (
				9D34D491201823970042FB56 /* 60.jpg */,
				9D34D496201823970042FB56 /* 60.png */,
				9D34D493201823970042FB56 /* 60@2x.jpg */,
				9D34D494201823970042FB56 /* 60@2x.png */,
				9D34D492201823970042FB56 /* 60@3x.jpg */,
				9D34D495201823970042FB56 /* 60@3x.png */,
			);
			name = App;
			sourceTree = "<group>";
		};
		9D4D0B071F42A8720061D03E /* LabelSetting */ = {
			isa = PBXGroup;
			children = (
				9D34D487201823870042FB56 /* close.png */,
				9D34D483201823870042FB56 /* stroke_thin@3x.png */,
				9D34D488201823870042FB56 /* stroke_think.png */,
				9D34D484201823870042FB56 /* stroke_think@2x.png */,
				9D34D489201823870042FB56 /* stroke_think@3x.png */,
				9D34D486201823870042FB56 /* stroke@2x.png */,
				9D34D485201823870042FB56 /* stroke@3x.png */,
			);
			name = LabelSetting;
			sourceTree = "<group>";
		};
		9D4D0B0E1F43DEE20061D03E /* Label */ = {
			isa = PBXGroup;
			children = (
				9D34D451201820480042FB56 /* NamingLabelView.swift */,
				9D34D452201820480042FB56 /* NamingLabelView.xib */,
				9D4D0B131F43DF490061D03E /* LabelSettingView */,
			);
			name = Label;
			sourceTree = "<group>";
		};
		9D4D0B0F1F43DEE90061D03E /* Stamp */ = {
			isa = PBXGroup;
			children = (
				9D34D45D201820590042FB56 /* StampView.swift */,
				9D34D45E201820590042FB56 /* StampView.xib */,
				9D4D0B121F43DF300061D03E /* StampSelectView */,
			);
			name = Stamp;
			sourceTree = "<group>";
		};
		9D4D0B101F43DEEF0061D03E /* TextView */ = {
			isa = PBXGroup;
			children = (
				9D34D461201820680042FB56 /* TextViewController.swift */,
				9D34D462201820680042FB56 /* TextViewNavigationController.swift */,
			);
			name = TextView;
			sourceTree = "<group>";
		};
		9D4D0B111F43DEF80061D03E /* ItemView */ = {
			isa = PBXGroup;
			children = (
				9D34D449201820170042FB56 /* ItemsView.xib */,
				9D34D44A201820170042FB56 /* ItemView.swift */,
			);
			name = ItemView;
			sourceTree = "<group>";
		};
		9D4D0B121F43DF300061D03E /* StampSelectView */ = {
			isa = PBXGroup;
			children = (
				9D34D455201820520042FB56 /* StampCollectionViewCell.swift */,
				9D34D456201820520042FB56 /* StampCollectionViewCell.xib */,
				9D34D458201820520042FB56 /* StampSelectView.swift */,
				9D34D457201820520042FB56 /* StampSelectView.xib */,
			);
			name = StampSelectView;
			sourceTree = "<group>";
		};
		9D4D0B131F43DF490061D03E /* LabelSettingView */ = {
			isa = PBXGroup;
			children = (
				9D34D44E201820420042FB56 /* LabelSettingView.swift */,
				9D34D44D201820420042FB56 /* LabelSettingView.xib */,
			);
			name = LabelSettingView;
			sourceTree = "<group>";
		};
		9D4D0B141F43E0070061D03E /* StageTableView */ = {
			isa = PBXGroup;
			children = (
				9D34D4682018216D0042FB56 /* StageTableViewCell.swift */,
				9D34D4672018216D0042FB56 /* StageTableViewCell.xib */,
			);
			name = StageTableView;
			sourceTree = "<group>";
		};
		9D4D0B191F43FA590061D03E /* Extension */ = {
			isa = PBXGroup;
			children = (
				9D34D473201821870042FB56 /* ItemViewDelegate.swift */,
				9D34D46F201821870042FB56 /* LabelSettingViewDelegate.swift */,
				9D34D470201821870042FB56 /* NamingLabelViewDelegate.swift */,
				9D34D472201821870042FB56 /* StampSelectViewDelegate.swift */,
				9D34D471201821870042FB56 /* StampViewDelegate.swift */,
				9D34D474201821870042FB56 /* TextViewControllerDelegate.swift */,
			);
			name = Extension;
			sourceTree = "<group>";
		};
		9D52DD4C1F1DAD03003204AB = {
			isa = PBXGroup;
			children = (
				9D52DD571F1DAD03003204AB /* Megaphone */,
				9D34D4222016F0DB0042FB56 /* MegaphoneTest */,
				9D52DD561F1DAD03003204AB /* Products */,
				02298A9C19C665247B337AA8 /* Pods */,
				F1047E1900BFD33DCD3FA7EA /* Frameworks */,
			);
			sourceTree = "<group>";
		};
		9D52DD561F1DAD03003204AB /* Products */ = {
			isa = PBXGroup;
			children = (
				9D52DD551F1DAD03003204AB /* Megaphone.app */,
				9D34D4212016F0DA0042FB56 /* MegaphoneTest.xctest */,
			);
			name = Products;
			sourceTree = "<group>";
		};
		9D52DD571F1DAD03003204AB /* Megaphone */ = {
			isa = PBXGroup;
			children = (
				9D52DD581F1DAD03003204AB /* AppDelegate.swift */,
				9D52DD791F1DAE3C003204AB /* Model */,
				9DF2EA3A1F2AD3F000EC460D /* View */,
				9D52DD781F1DAE30003204AB /* Controller */,
				9D52DD9E1F1EF93F003204AB /* Utility */,
				9D52DD941F1DFA45003204AB /* Resources */,
				9D52DD5F1F1DAD03003204AB /* Assets.xcassets */,
				9D52DD641F1DAD03003204AB /* Info.plist */,
				9D52DD8C1F1DD1C6003204AB /* Resource.bundle */,
			);
			path = Megaphone;
			sourceTree = "<group>";
		};
		9D52DD781F1DAE30003204AB /* Controller */ = {
			isa = PBXGroup;
			children = (
				9D34D46B201821780042FB56 /* NavigationController.swift */,
				9D52DD8E1F1DD427003204AB /* Home */,
				9D52DD8F1F1DD437003204AB /* Naming */,
			);
			name = Controller;
			sourceTree = "<group>";
		};
		9D52DD791F1DAE3C003204AB /* Model */ = {
			isa = PBXGroup;
			children = (
				9D7F36941FFF1FA3002BF71E /* Fetcher */,
				9D4D0AA81F306F140061D03E /* Manager */,
				9D52DD971F1E00D8003204AB /* Entity */,
			);
			name = Model;
			sourceTree = "<group>";
		};
		9D52DD8E1F1DD427003204AB /* Home */ = {
			isa = PBXGroup;
			children = (
				9D34D465201821660042FB56 /* HomeViewController.swift */,
				9D4D0B141F43E0070061D03E /* StageTableView */,
			);
			name = Home;
			sourceTree = "<group>";
		};
		9D52DD8F1F1DD437003204AB /* Naming */ = {
			isa = PBXGroup;
			children = (
				9D34D46D201821800042FB56 /* NamingViewController.swift */,
				9D4D0B191F43FA590061D03E /* Extension */,
			);
			name = Naming;
			sourceTree = "<group>";
		};
		9D52DD941F1DFA45003204AB /* Resources */ = {
			isa = PBXGroup;
			children = (
				9D4D0B071F42A8720061D03E /* LabelSetting */,
				9D4D0B061F42A86A0061D03E /* App */,
				9D4D0B041F42A7ED0061D03E /* ItemViewIcon */,
				9D4D0B031F42A7E10061D03E /* Stamp */,
			);
			name = Resources;
			sourceTree = "<group>";
		};
		9D52DD971F1E00D8003204AB /* Entity */ = {
			isa = PBXGroup;
			children = (
				9D34D43D20181E460042FB56 /* FetchStoreEntity.swift */,
				9D34D43920181E460042FB56 /* LabelEntity.swift */,
				9D34D43B20181E460042FB56 /* LabelOfStageEntity.swift */,
				9D34D43C20181E460042FB56 /* StageEntity.swift */,
				9D34D43F20181E460042FB56 /* StampEntity.swift */,
				9D34D43E20181E460042FB56 /* StampStoreEntity.swift */,
				9D34D43A20181E460042FB56 /* StampStoreEntityList.swift */,
				9D34D44020181E460042FB56 /* TextViewEntity.swift */,
			);
			name = Entity;
			sourceTree = "<group>";
		};
		9D52DD9E1F1EF93F003204AB /* Utility */ = {
			isa = PBXGroup;
			children = (
				9DAEC6FB1F304D80009B03E3 /* Const */,
				9D52DD9F1F1EF948003204AB /* Extension */,
			);
			name = Utility;
			sourceTree = "<group>";
		};
		9D52DD9F1F1EF948003204AB /* Extension */ = {
			isa = PBXGroup;
			children = (
				9D34D480201821F80042FB56 /* UIColorExtension.swift */,
				9D34D47F201821F70042FB56 /* UIViewExtension.swift */,
			);
			name = Extension;
			sourceTree = "<group>";
		};
		9D7F36941FFF1FA3002BF71E /* Fetcher */ = {
			isa = PBXGroup;
			children = (
				9D34D43120181E310042FB56 /* StageFetcher.swift */,
			);
			name = Fetcher;
			sourceTree = "<group>";
		};
		9DAEC6FB1F304D80009B03E3 /* Const */ = {
			isa = PBXGroup;
			children = (
				9D34D47C201821F20042FB56 /* ConstColor.swift */,
				9D34D47B201821F20042FB56 /* ConstText.swift */,
			);
			name = Const;
			sourceTree = "<group>";
		};
		9DF2EA3A1F2AD3F000EC460D /* View */ = {
			isa = PBXGroup;
			children = (
				9D52DD5C1F1DAD03003204AB /* Main.storyboard */,
				9D52DD611F1DAD03003204AB /* LaunchScreen.storyboard */,
				9D4D0B111F43DEF80061D03E /* ItemView */,
				9D4D0B101F43DEEF0061D03E /* TextView */,
				9D4D0B0F1F43DEE90061D03E /* Stamp */,
				9D4D0B0E1F43DEE20061D03E /* Label */,
			);
			name = View;
			sourceTree = "<group>";
		};
		F1047E1900BFD33DCD3FA7EA /* Frameworks */ = {
			isa = PBXGroup;
			children = (
				9D52DDB81F1F149D003204AB /* GoogleMobileAds.framework */,
				9D52DDB61F1F1464003204AB /* SystemConfiguration.framework */,
				9D52DDB41F1F1457003204AB /* StoreKit.framework */,
				9D52DDB21F1F144D003204AB /* MessageUI.framework */,
				9D52DDB01F1F143E003204AB /* EventKitUI.framework */,
				9D52DDAE1F1F142E003204AB /* EventKit.framework */,
				9D52DDAC1F1F141F003204AB /* CoreTelephony.framework */,
				9D52DDAA1F1F1411003204AB /* CoreMedia.framework */,
				9D52DDA81F1F13FF003204AB /* CoreGraphics.framework */,
				9D52DDA61F1F13F0003204AB /* AVFoundation.framework */,
				9D52DDA41F1F13E6003204AB /* AudioToolbox.framework */,
				9D52DDA21F1F13D3003204AB /* AdSupport.framework */,
				71FD0A3C907689D1914F69CF /* Pods_Megaphone.framework */,
				E71748ABD1862AD071F76F59 /* Pods_MegaphoneTests.framework */,
				6A0D4433F1907D4970BE449F /* Pods_Megaphone_MegaphoneTests.framework */,
				178232ADF7B430DAF0B939FD /* Pods_MegaphoneTest.framework */,
			);
			name = Frameworks;
			sourceTree = "<group>";
		};
/* End PBXGroup section */

/* Begin PBXNativeTarget section */
		9D34D4202016F0DA0042FB56 /* MegaphoneTest */ = {
			isa = PBXNativeTarget;
			buildConfigurationList = 9D34D4282016F0DB0042FB56 /* Build configuration list for PBXNativeTarget "MegaphoneTest" */;
			buildPhases = (
				5B3224FD7C413338C9E388F1 /* [CP] Check Pods Manifest.lock */,
				9D34D41D2016F0DA0042FB56 /* Sources */,
				9D34D41E2016F0DA0042FB56 /* Frameworks */,
				9D34D41F2016F0DA0042FB56 /* Resources */,
				D1D5FD0111670B96CDA5B817 /* [CP] Embed Pods Frameworks */,
				1DE19858230C82BCA9D6735C /* [CP] Copy Pods Resources */,
			);
			buildRules = (
			);
			dependencies = (
				9D34D4272016F0DB0042FB56 /* PBXTargetDependency */,
			);
			name = MegaphoneTest;
			productName = MegaphoneTest;
			productReference = 9D34D4212016F0DA0042FB56 /* MegaphoneTest.xctest */;
			productType = "com.apple.product-type.bundle.unit-test";
		};
		9D52DD541F1DAD03003204AB /* Megaphone */ = {
			isa = PBXNativeTarget;
			buildConfigurationList = 9D52DD721F1DAD04003204AB /* Build configuration list for PBXNativeTarget "Megaphone" */;
			buildPhases = (
				73B896F56B4E85D5CBF91B71 /* [CP] Check Pods Manifest.lock */,
				9D52DD511F1DAD03003204AB /* Sources */,
				9D52DD521F1DAD03003204AB /* Frameworks */,
				9D52DD531F1DAD03003204AB /* Resources */,
				14E306AFA83570C0D916BC39 /* [CP] Embed Pods Frameworks */,
				31F4024050E0CF6273E6ED93 /* [CP] Copy Pods Resources */,
			);
			buildRules = (
			);
			dependencies = (
			);
			name = Megaphone;
			productName = Megaphone;
			productReference = 9D52DD551F1DAD03003204AB /* Megaphone.app */;
			productType = "com.apple.product-type.application";
		};
/* End PBXNativeTarget section */

/* Begin PBXProject section */
		9D52DD4D1F1DAD03003204AB /* Project object */ = {
			isa = PBXProject;
			attributes = {
				LastSwiftUpdateCheck = 0920;
				LastUpgradeCheck = 0830;
				ORGANIZATIONNAME = "南　京兵";
				TargetAttributes = {
					9D34D4202016F0DA0042FB56 = {
						CreatedOnToolsVersion = 9.2;
						ProvisioningStyle = Automatic;
						TestTargetID = 9D52DD541F1DAD03003204AB;
					};
					9D52DD541F1DAD03003204AB = {
						CreatedOnToolsVersion = 8.3.3;
						DevelopmentTeam = 82VM9CARWC;
						ProvisioningStyle = Automatic;
					};
				};
			};
			buildConfigurationList = 9D52DD501F1DAD03003204AB /* Build configuration list for PBXProject "Megaphone" */;
			compatibilityVersion = "Xcode 3.2";
			developmentRegion = English;
			hasScannedForEncodings = 0;
			knownRegions = (
				en,
				Base,
			);
			mainGroup = 9D52DD4C1F1DAD03003204AB;
			productRefGroup = 9D52DD561F1DAD03003204AB /* Products */;
			projectDirPath = "";
			projectRoot = "";
			targets = (
				9D52DD541F1DAD03003204AB /* Megaphone */,
				9D34D4202016F0DA0042FB56 /* MegaphoneTest */,
			);
		};
/* End PBXProject section */

/* Begin PBXResourcesBuildPhase section */
		9D34D41F2016F0DA0042FB56 /* Resources */ = {
			isa = PBXResourcesBuildPhase;
			buildActionMask = 2147483647;
			files = (
			);
			runOnlyForDeploymentPostprocessing = 0;
		};
		9D52DD531F1DAD03003204AB /* Resources */ = {
			isa = PBXResourcesBuildPhase;
			buildActionMask = 2147483647;
			files = (
				9D34D4D0201823C80042FB56 /* Capture@3x.png in Resources */,
				9D34D4CE201823C80042FB56 /* delete.png in Resources */,
				9D34D497201823970042FB56 /* 60.jpg in Resources */,
				9D34D498201823970042FB56 /* 60@3x.jpg in Resources */,
				9D34D45A201820530042FB56 /* StampCollectionViewCell.xib in Resources */,
				9D34D4D5201823C80042FB56 /* Capture.png in Resources */,
				9D34D48D201823880042FB56 /* stroke@2x.png in Resources */,
				9D34D48C201823880042FB56 /* stroke@3x.png in Resources */,
				9D52DD631F1DAD03003204AB /* LaunchScreen.storyboard in Resources */,
				9D34D454201820490042FB56 /* NamingLabelView.xib in Resources */,
				9D34D4D7201823C80042FB56 /* TwitterIcon@3x.png in Resources */,
				9D34D48E201823880042FB56 /* close.png in Resources */,
				9D34D4D8201823C80042FB56 /* stroke_thin.png in Resources */,
				9D34D48A201823880042FB56 /* stroke_thin@3x.png in Resources */,
				9D34D4CF201823C80042FB56 /* fill.png in Resources */,
				9D34D4692018216D0042FB56 /* StageTableViewCell.xib in Resources */,
				9D34D4D4201823C80042FB56 /* stamp@2x.png in Resources */,
				9D34D4CA201823C80042FB56 /* delete@2x.png in Resources */,
				9D34D490201823880042FB56 /* stroke_think@3x.png in Resources */,
				9D34D4CB201823C80042FB56 /* stroke_thin@2x.png in Resources */,
				9D34D49C201823970042FB56 /* 60.png in Resources */,
				9D34D4C9201823C80042FB56 /* delete@3x.png in Resources */,
				9D34D49B201823970042FB56 /* 60@3x.png in Resources */,
				9D52DD601F1DAD03003204AB /* Assets.xcassets in Resources */,
				9D34D4D3201823C80042FB56 /* stamp.png in Resources */,
				9D34D48B201823880042FB56 /* stroke_think@2x.png in Resources */,
				9D34D48F201823880042FB56 /* stroke_think.png in Resources */,
				9D34D460201820590042FB56 /* StampView.xib in Resources */,
				9D34D44B201820170042FB56 /* ItemsView.xib in Resources */,
				9D34D4D1201823C80042FB56 /* fill@3x.png in Resources */,
				9D52DD5E1F1DAD03003204AB /* Main.storyboard in Resources */,
				9D34D4DA201823C80042FB56 /* TwitterIcon.png in Resources */,
				9D34D4D9201823C80042FB56 /* stamp@3x.png in Resources */,
				9D34D44F201820420042FB56 /* LabelSettingView.xib in Resources */,
				9D34D4DC201823DC0042FB56 /* splatoon.png in Resources */,
				9D52DD8D1F1DD1C6003204AB /* Resource.bundle in Resources */,
				9D34D4D6201823C80042FB56 /* fill@2x.png in Resources */,
				9D34D4CD201823C80042FB56 /* TwitterIcon@2x.png in Resources */,
				9D34D4CC201823C80042FB56 /* Capture@2x.png in Resources */,
				9D34D49A201823970042FB56 /* 60@2x.png in Resources */,
				9D34D499201823970042FB56 /* 60@2x.jpg in Resources */,
				9D34D45B201820530042FB56 /* StampSelectView.xib in Resources */,
				9D34D4D2201823C80042FB56 /* stroke.png in Resources */,
			);
			runOnlyForDeploymentPostprocessing = 0;
		};
/* End PBXResourcesBuildPhase section */

/* Begin PBXShellScriptBuildPhase section */
		14E306AFA83570C0D916BC39 /* [CP] Embed Pods Frameworks */ = {
			isa = PBXShellScriptBuildPhase;
			buildActionMask = 2147483647;
			files = (
			);
			inputPaths = (
			);
			name = "[CP] Embed Pods Frameworks";
			outputPaths = (
			);
			runOnlyForDeploymentPostprocessing = 0;
			shellPath = /bin/sh;
			shellScript = "\"${SRCROOT}/Pods/Target Support Files/Pods-Megaphone/Pods-Megaphone-frameworks.sh\"\n";
			showEnvVarsInLog = 0;
		};
		1DE19858230C82BCA9D6735C /* [CP] Copy Pods Resources */ = {
			isa = PBXShellScriptBuildPhase;
			buildActionMask = 2147483647;
			files = (
			);
			inputPaths = (
			);
			name = "[CP] Copy Pods Resources";
			outputPaths = (
			);
			runOnlyForDeploymentPostprocessing = 0;
			shellPath = /bin/sh;
			shellScript = "\"${SRCROOT}/Pods/Target Support Files/Pods-MegaphoneTest/Pods-MegaphoneTest-resources.sh\"\n";
			showEnvVarsInLog = 0;
		};
		31F4024050E0CF6273E6ED93 /* [CP] Copy Pods Resources */ = {
			isa = PBXShellScriptBuildPhase;
			buildActionMask = 2147483647;
			files = (
			);
			inputPaths = (
			);
			name = "[CP] Copy Pods Resources";
			outputPaths = (
			);
			runOnlyForDeploymentPostprocessing = 0;
			shellPath = /bin/sh;
			shellScript = "\"${SRCROOT}/Pods/Target Support Files/Pods-Megaphone/Pods-Megaphone-resources.sh\"\n";
			showEnvVarsInLog = 0;
		};
		5B3224FD7C413338C9E388F1 /* [CP] Check Pods Manifest.lock */ = {
			isa = PBXShellScriptBuildPhase;
			buildActionMask = 2147483647;
			files = (
			);
			inputPaths = (
			);
			name = "[CP] Check Pods Manifest.lock";
			outputPaths = (
			);
			runOnlyForDeploymentPostprocessing = 0;
			shellPath = /bin/sh;
			shellScript = "diff \"${PODS_ROOT}/../Podfile.lock\" \"${PODS_ROOT}/Manifest.lock\" > /dev/null\nif [ $? != 0 ] ; then\n    # print error to STDERR\n    echo \"error: The sandbox is not in sync with the Podfile.lock. Run 'pod install' or update your CocoaPods installation.\" >&2\n    exit 1\nfi\n";
			showEnvVarsInLog = 0;
		};
		73B896F56B4E85D5CBF91B71 /* [CP] Check Pods Manifest.lock */ = {
			isa = PBXShellScriptBuildPhase;
			buildActionMask = 2147483647;
			files = (
			);
			inputPaths = (
			);
			name = "[CP] Check Pods Manifest.lock";
			outputPaths = (
			);
			runOnlyForDeploymentPostprocessing = 0;
			shellPath = /bin/sh;
			shellScript = "diff \"${PODS_ROOT}/../Podfile.lock\" \"${PODS_ROOT}/Manifest.lock\" > /dev/null\nif [ $? != 0 ] ; then\n    # print error to STDERR\n    echo \"error: The sandbox is not in sync with the Podfile.lock. Run 'pod install' or update your CocoaPods installation.\" >&2\n    exit 1\nfi\n";
			showEnvVarsInLog = 0;
		};
		D1D5FD0111670B96CDA5B817 /* [CP] Embed Pods Frameworks */ = {
			isa = PBXShellScriptBuildPhase;
			buildActionMask = 2147483647;
			files = (
			);
			inputPaths = (
			);
			name = "[CP] Embed Pods Frameworks";
			outputPaths = (
			);
			runOnlyForDeploymentPostprocessing = 0;
			shellPath = /bin/sh;
			shellScript = "\"${SRCROOT}/Pods/Target Support Files/Pods-MegaphoneTest/Pods-MegaphoneTest-frameworks.sh\"\n";
			showEnvVarsInLog = 0;
		};
/* End PBXShellScriptBuildPhase section */

/* Begin PBXSourcesBuildPhase section */
		9D34D41D2016F0DA0042FB56 /* Sources */ = {
			isa = PBXSourcesBuildPhase;
			buildActionMask = 2147483647;
			files = (
				9D34D4242016F0DB0042FB56 /* MegaphoneTest.swift in Sources */,
				9D34D42E201702C30042FB56 /* RealmStoreManagerTest.swift in Sources */,
			);
			runOnlyForDeploymentPostprocessing = 0;
		};
		9D52DD511F1DAD03003204AB /* Sources */ = {
			isa = PBXSourcesBuildPhase;
			buildActionMask = 2147483647;
			files = (
				9D34D478201821870042FB56 /* StampSelectViewDelegate.swift in Sources */,
				9D34D45F201820590042FB56 /* StampView.swift in Sources */,
				9D34D44620181E470042FB56 /* StampStoreEntity.swift in Sources */,
				9D34D463201820680042FB56 /* TextViewController.swift in Sources */,
				9D34D44720181E470042FB56 /* StampEntity.swift in Sources */,
				9D34D44220181E470042FB56 /* StampStoreEntityList.swift in Sources */,
				9D34D47E201821F20042FB56 /* ConstColor.swift in Sources */,
				9D34D43820181E3B0042FB56 /* JsonManager.swift in Sources */,
				9D34D43220181E310042FB56 /* StageFetcher.swift in Sources */,
				9D34D44520181E470042FB56 /* FetchStoreEntity.swift in Sources */,
				9D34D47A201821870042FB56 /* TextViewControllerDelegate.swift in Sources */,
				9D34D477201821870042FB56 /* StampViewDelegate.swift in Sources */,
				9D34D44820181E470042FB56 /* TextViewEntity.swift in Sources */,
				9D34D46C201821780042FB56 /* NavigationController.swift in Sources */,
				9D34D475201821870042FB56 /* LabelSettingViewDelegate.swift in Sources */,
				9D34D43620181E3B0042FB56 /* RealmStoreManager.swift in Sources */,
				9D34D44420181E470042FB56 /* StageEntity.swift in Sources */,
				9D34D453201820490042FB56 /* NamingLabelView.swift in Sources */,
				9D34D43720181E3B0042FB56 /* AlertControllerManager.swift in Sources */,
				9D34D479201821870042FB56 /* ItemViewDelegate.swift in Sources */,
				9D52DD591F1DAD03003204AB /* AppDelegate.swift in Sources */,
				9D34D47D201821F20042FB56 /* ConstText.swift in Sources */,
				9D34D466201821660042FB56 /* HomeViewController.swift in Sources */,
				9D34D46E201821800042FB56 /* NamingViewController.swift in Sources */,
				9D34D44320181E470042FB56 /* LabelOfStageEntity.swift in Sources */,
				9D34D476201821870042FB56 /* NamingLabelViewDelegate.swift in Sources */,
				9D34D46A2018216D0042FB56 /* StageTableViewCell.swift in Sources */,
				9D34D464201820680042FB56 /* TextViewNavigationController.swift in Sources */,
				9D34D482201821F80042FB56 /* UIColorExtension.swift in Sources */,
				9D34D481201821F80042FB56 /* UIViewExtension.swift in Sources */,
				9D34D45C201820530042FB56 /* StampSelectView.swift in Sources */,
				9D34D44C201820170042FB56 /* ItemView.swift in Sources */,
				9D34D459201820530042FB56 /* StampCollectionViewCell.swift in Sources */,
				9D34D44120181E470042FB56 /* LabelEntity.swift in Sources */,
				9D34D450201820420042FB56 /* LabelSettingView.swift in Sources */,
			);
			runOnlyForDeploymentPostprocessing = 0;
		};
/* End PBXSourcesBuildPhase section */

/* Begin PBXTargetDependency section */
		9D34D4272016F0DB0042FB56 /* PBXTargetDependency */ = {
			isa = PBXTargetDependency;
			target = 9D52DD541F1DAD03003204AB /* Megaphone */;
			targetProxy = 9D34D4262016F0DB0042FB56 /* PBXContainerItemProxy */;
		};
/* End PBXTargetDependency section */

/* Begin PBXVariantGroup section */
		9D52DD5C1F1DAD03003204AB /* Main.storyboard */ = {
			isa = PBXVariantGroup;
			children = (
				9D52DD5D1F1DAD03003204AB /* Base */,
			);
			name = Main.storyboard;
			sourceTree = "<group>";
		};
		9D52DD611F1DAD03003204AB /* LaunchScreen.storyboard */ = {
			isa = PBXVariantGroup;
			children = (
				9D52DD621F1DAD03003204AB /* Base */,
			);
			name = LaunchScreen.storyboard;
			sourceTree = "<group>";
		};
/* End PBXVariantGroup section */

/* Begin XCBuildConfiguration section */
		9D34D4292016F0DB0042FB56 /* Debug */ = {
			isa = XCBuildConfiguration;
			baseConfigurationReference = A82A1E1E59D379565A26D39D /* Pods-MegaphoneTest.debug.xcconfig */;
			buildSettings = {
				BUNDLE_LOADER = "$(TEST_HOST)";
				CLANG_CXX_LANGUAGE_STANDARD = "gnu++14";
				CLANG_WARN_BLOCK_CAPTURE_AUTORELEASING = YES;
				CLANG_WARN_COMMA = YES;
				CLANG_WARN_NON_LITERAL_NULL_CONVERSION = YES;
				CLANG_WARN_OBJC_LITERAL_CONVERSION = YES;
				CLANG_WARN_RANGE_LOOP_ANALYSIS = YES;
				CLANG_WARN_STRICT_PROTOTYPES = YES;
				CLANG_WARN_UNGUARDED_AVAILABILITY = YES_AGGRESSIVE;
				CODE_SIGN_IDENTITY = "iPhone Developer";
				CODE_SIGN_STYLE = Automatic;
				GCC_C_LANGUAGE_STANDARD = gnu11;
				INFOPLIST_FILE = MegaphoneTest/Info.plist;
				IPHONEOS_DEPLOYMENT_TARGET = 11.2;
				LD_RUNPATH_SEARCH_PATHS = "$(inherited) @executable_path/Frameworks @loader_path/Frameworks";
				PRODUCT_BUNDLE_IDENTIFIER = com.min.peephole.MegaphoneTest;
				PRODUCT_NAME = "$(TARGET_NAME)";
				SWIFT_VERSION = 4.0;
				TARGETED_DEVICE_FAMILY = "1,2";
				TEST_HOST = "$(BUILT_PRODUCTS_DIR)/Megaphone.app/Megaphone";
			};
			name = Debug;
		};
		9D34D42A2016F0DB0042FB56 /* Release */ = {
			isa = XCBuildConfiguration;
			baseConfigurationReference = 6BEFA7F5BE5B9107C3B7D27A /* Pods-MegaphoneTest.release.xcconfig */;
			buildSettings = {
				BUNDLE_LOADER = "$(TEST_HOST)";
				CLANG_CXX_LANGUAGE_STANDARD = "gnu++14";
				CLANG_WARN_BLOCK_CAPTURE_AUTORELEASING = YES;
				CLANG_WARN_COMMA = YES;
				CLANG_WARN_NON_LITERAL_NULL_CONVERSION = YES;
				CLANG_WARN_OBJC_LITERAL_CONVERSION = YES;
				CLANG_WARN_RANGE_LOOP_ANALYSIS = YES;
				CLANG_WARN_STRICT_PROTOTYPES = YES;
				CLANG_WARN_UNGUARDED_AVAILABILITY = YES_AGGRESSIVE;
				CODE_SIGN_IDENTITY = "iPhone Developer";
				CODE_SIGN_STYLE = Automatic;
				GCC_C_LANGUAGE_STANDARD = gnu11;
				INFOPLIST_FILE = MegaphoneTest/Info.plist;
				IPHONEOS_DEPLOYMENT_TARGET = 11.2;
				LD_RUNPATH_SEARCH_PATHS = "$(inherited) @executable_path/Frameworks @loader_path/Frameworks";
				PRODUCT_BUNDLE_IDENTIFIER = com.min.peephole.MegaphoneTest;
				PRODUCT_NAME = "$(TARGET_NAME)";
				SWIFT_VERSION = 4.0;
				TARGETED_DEVICE_FAMILY = "1,2";
				TEST_HOST = "$(BUILT_PRODUCTS_DIR)/Megaphone.app/Megaphone";
			};
			name = Release;
		};
		9D52DD701F1DAD04003204AB /* Debug */ = {
			isa = XCBuildConfiguration;
			buildSettings = {
				ALWAYS_SEARCH_USER_PATHS = NO;
				CLANG_ANALYZER_NONNULL = YES;
				CLANG_ANALYZER_NUMBER_OBJECT_CONVERSION = YES_AGGRESSIVE;
				CLANG_CXX_LANGUAGE_STANDARD = "gnu++0x";
				CLANG_CXX_LIBRARY = "libc++";
				CLANG_ENABLE_MODULES = YES;
				CLANG_ENABLE_OBJC_ARC = YES;
				CLANG_WARN_BOOL_CONVERSION = YES;
				CLANG_WARN_CONSTANT_CONVERSION = YES;
				CLANG_WARN_DIRECT_OBJC_ISA_USAGE = YES_ERROR;
				CLANG_WARN_DOCUMENTATION_COMMENTS = YES;
				CLANG_WARN_EMPTY_BODY = YES;
				CLANG_WARN_ENUM_CONVERSION = YES;
				CLANG_WARN_INFINITE_RECURSION = YES;
				CLANG_WARN_INT_CONVERSION = YES;
				CLANG_WARN_OBJC_ROOT_CLASS = YES_ERROR;
				CLANG_WARN_SUSPICIOUS_MOVE = YES;
				CLANG_WARN_UNREACHABLE_CODE = YES;
				CLANG_WARN__DUPLICATE_METHOD_MATCH = YES;
				"CODE_SIGN_IDENTITY[sdk=iphoneos*]" = "iPhone Developer";
				COPY_PHASE_STRIP = NO;
				DEBUG_INFORMATION_FORMAT = dwarf;
				DEFINES_MODULE = YES;
				ENABLE_STRICT_OBJC_MSGSEND = YES;
				ENABLE_TESTABILITY = YES;
				GCC_C_LANGUAGE_STANDARD = gnu99;
				GCC_DYNAMIC_NO_PIC = NO;
				GCC_NO_COMMON_BLOCKS = YES;
				GCC_OPTIMIZATION_LEVEL = 0;
				GCC_PREPROCESSOR_DEFINITIONS = (
					"DEBUG=1",
					"$(inherited)",
				);
				GCC_WARN_64_TO_32_BIT_CONVERSION = YES;
				GCC_WARN_ABOUT_RETURN_TYPE = YES_ERROR;
				GCC_WARN_UNDECLARED_SELECTOR = YES;
				GCC_WARN_UNINITIALIZED_AUTOS = YES_AGGRESSIVE;
				GCC_WARN_UNUSED_FUNCTION = YES;
				GCC_WARN_UNUSED_VARIABLE = YES;
				IPHONEOS_DEPLOYMENT_TARGET = 10.3;
				MTL_ENABLE_DEBUG_INFO = YES;
				ONLY_ACTIVE_ARCH = YES;
				SDKROOT = iphoneos;
				SWIFT_ACTIVE_COMPILATION_CONDITIONS = DEBUG;
				SWIFT_OPTIMIZATION_LEVEL = "-Onone";
			};
			name = Debug;
		};
		9D52DD711F1DAD04003204AB /* Release */ = {
			isa = XCBuildConfiguration;
			buildSettings = {
				ALWAYS_SEARCH_USER_PATHS = NO;
				CLANG_ANALYZER_NONNULL = YES;
				CLANG_ANALYZER_NUMBER_OBJECT_CONVERSION = YES_AGGRESSIVE;
				CLANG_CXX_LANGUAGE_STANDARD = "gnu++0x";
				CLANG_CXX_LIBRARY = "libc++";
				CLANG_ENABLE_MODULES = YES;
				CLANG_ENABLE_OBJC_ARC = YES;
				CLANG_WARN_BOOL_CONVERSION = YES;
				CLANG_WARN_CONSTANT_CONVERSION = YES;
				CLANG_WARN_DIRECT_OBJC_ISA_USAGE = YES_ERROR;
				CLANG_WARN_DOCUMENTATION_COMMENTS = YES;
				CLANG_WARN_EMPTY_BODY = YES;
				CLANG_WARN_ENUM_CONVERSION = YES;
				CLANG_WARN_INFINITE_RECURSION = YES;
				CLANG_WARN_INT_CONVERSION = YES;
				CLANG_WARN_OBJC_ROOT_CLASS = YES_ERROR;
				CLANG_WARN_SUSPICIOUS_MOVE = YES;
				CLANG_WARN_UNREACHABLE_CODE = YES;
				CLANG_WARN__DUPLICATE_METHOD_MATCH = YES;
				"CODE_SIGN_IDENTITY[sdk=iphoneos*]" = "iPhone Developer";
				COPY_PHASE_STRIP = NO;
				DEBUG_INFORMATION_FORMAT = "dwarf-with-dsym";
				DEFINES_MODULE = YES;
				ENABLE_NS_ASSERTIONS = NO;
				ENABLE_STRICT_OBJC_MSGSEND = YES;
				GCC_C_LANGUAGE_STANDARD = gnu99;
				GCC_NO_COMMON_BLOCKS = YES;
				GCC_WARN_64_TO_32_BIT_CONVERSION = YES;
				GCC_WARN_ABOUT_RETURN_TYPE = YES_ERROR;
				GCC_WARN_UNDECLARED_SELECTOR = YES;
				GCC_WARN_UNINITIALIZED_AUTOS = YES_AGGRESSIVE;
				GCC_WARN_UNUSED_FUNCTION = YES;
				GCC_WARN_UNUSED_VARIABLE = YES;
				IPHONEOS_DEPLOYMENT_TARGET = 10.3;
				MTL_ENABLE_DEBUG_INFO = NO;
				ONLY_ACTIVE_ARCH = YES;
				SDKROOT = iphoneos;
				SWIFT_OPTIMIZATION_LEVEL = "-Owholemodule";
				VALIDATE_PRODUCT = YES;
			};
			name = Release;
		};
		9D52DD731F1DAD04003204AB /* Debug */ = {
			isa = XCBuildConfiguration;
			baseConfigurationReference = 7C545F10BC1BEF2F69571461 /* Pods-Megaphone.debug.xcconfig */;
			buildSettings = {
				ASSETCATALOG_COMPILER_APPICON_NAME = AppIcon;
				DEVELOPMENT_TEAM = 82VM9CARWC;
				INFOPLIST_FILE = Megaphone/Info.plist;
				IPHONEOS_DEPLOYMENT_TARGET = 9.0;
				LD_RUNPATH_SEARCH_PATHS = "$(inherited) @executable_path/Frameworks";
				PRODUCT_BUNDLE_IDENTIFIER = com.min.spl.Megaphone;
				PRODUCT_NAME = "$(TARGET_NAME)";
				SWIFT_VERSION = 3.0;
			};
			name = Debug;
		};
		9D52DD741F1DAD04003204AB /* Release */ = {
			isa = XCBuildConfiguration;
			baseConfigurationReference = 02853CB0167B359CE7A1A78C /* Pods-Megaphone.release.xcconfig */;
			buildSettings = {
				ASSETCATALOG_COMPILER_APPICON_NAME = AppIcon;
				DEVELOPMENT_TEAM = 82VM9CARWC;
				INFOPLIST_FILE = Megaphone/Info.plist;
				IPHONEOS_DEPLOYMENT_TARGET = 9.0;
				LD_RUNPATH_SEARCH_PATHS = "$(inherited) @executable_path/Frameworks";
				PRODUCT_BUNDLE_IDENTIFIER = com.min.spl.Megaphone;
				PRODUCT_NAME = "$(TARGET_NAME)";
				SWIFT_VERSION = 3.0;
			};
			name = Release;
		};
/* End XCBuildConfiguration section */

/* Begin XCConfigurationList section */
		9D34D4282016F0DB0042FB56 /* Build configuration list for PBXNativeTarget "MegaphoneTest" */ = {
			isa = XCConfigurationList;
			buildConfigurations = (
				9D34D4292016F0DB0042FB56 /* Debug */,
				9D34D42A2016F0DB0042FB56 /* Release */,
			);
			defaultConfigurationIsVisible = 0;
			defaultConfigurationName = Release;
		};
		9D52DD501F1DAD03003204AB /* Build configuration list for PBXProject "Megaphone" */ = {
			isa = XCConfigurationList;
			buildConfigurations = (
				9D52DD701F1DAD04003204AB /* Debug */,
				9D52DD711F1DAD04003204AB /* Release */,
			);
			defaultConfigurationIsVisible = 0;
			defaultConfigurationName = Release;
		};
		9D52DD721F1DAD04003204AB /* Build configuration list for PBXNativeTarget "Megaphone" */ = {
			isa = XCConfigurationList;
			buildConfigurations = (
				9D52DD731F1DAD04003204AB /* Debug */,
				9D52DD741F1DAD04003204AB /* Release */,
			);
			defaultConfigurationIsVisible = 0;
			defaultConfigurationName = Release;
		};
/* End XCConfigurationList section */
	};
	rootObject = 9D52DD4D1F1DAD03003204AB /* Project object */;
}
