PODS:
  - GestureRecognizerClosures (3.1.0)
  - GoogleMobileAds (7.8.0)
  - Realm (2.8.2):
    - Realm/Headers (= 2.8.2)
  - Realm/Headers (2.8.2)
  - RealmSwift (2.8.2):
    - Realm (= 2.8.2)

DEPENDENCIES:
  - GestureRecognizerClosures (~> 3)
  - GoogleMobileAds
  - RealmSwift

SPEC CHECKSUMS:
  GestureRecognizerClosures: 513f6926a586a6276252c1113db5d4f4d8c7c8d8
  GoogleMobileAds: c79931d6eef16b1e4c35d331cf23c47e0dd490d2
  Realm: 0e262abf087c7054013e00579274f7e070486d4a
  RealmSwift: 73565e91bc403c1149e4acf31ff9de506b2f9459

PODFILE CHECKSUM: 9d2e29c824e92e7ffa1c9aef8c8b7fbbe5f395fd

COCOAPODS: 1.1.1
